
Microsoft Visual Studio Solution File, Format Version 12.00
# Visual Studio Version 16
VisualStudioVersion = 16.0.31702.278
MinimumVisualStudioVersion = 10.0.40219.1
Project("{FAE04EC0-301F-11D3-BF4B-00C04F79EFBC}") = "WF_ModernUI", "WF_ModernUI.csproj", "{7D987AD5-B698-49D3-97C4-700D48F4FADC}"
EndProject
Global
	GlobalSection(SolutionConfigurationPlatforms) = preSolution
		Debug|Any CPU = Debug|Any CPU
		Release|Any CPU = Release|Any CPU
	EndGlobalSection
	GlobalSection(ProjectConfigurationPlatforms) = postSolution
		{7D987AD5-B698-49D3-97C4-700D48F4FADC}.Debug|Any CPU.ActiveCfg = Debug|Any CPU
		{7D987AD5-B698-49D3-97C4-700D48F4FADC}.Debug|Any CPU.Build.0 = Debug|Any CPU
		{7D987AD5-B698-49D3-97C4-700D48F4FADC}.Release|Any CPU.ActiveCfg = Release|Any CPU
		{7D987AD5-B698-49D3-97C4-700D48F4FADC}.Release|Any CPU.Build.0 = Release|Any CPU
	EndGlobalSection
	GlobalSection(SolutionProperties) = preSolution
		HideSolutionNode = FALSE
	EndGlobalSection
	GlobalSection(ExtensibilityGlobals) = postSolution
		SolutionGuid = {F8A806C7-654C-4970-8EAE-A082B3C6FCB2}
	EndGlobalSection
EndGlobal
